
Microsoft Visual Studio Solution File, Format Version 12.00
# Visual Studio Version 17
VisualStudioVersion = 17.9.34622.214
MinimumVisualStudioVersion = 10.0.40219.1
Project("{FAE04EC0-301F-11D3-BF4B-00C04F79EFBC}") = "CreaterFromVSU", "CreaterFromVSU\CreaterFromVSU.csproj", "{0CDA368E-CE43-468A-BECE-940DF7DD6DBF}"
EndProject
Global
	GlobalSection(SolutionConfigurationPlatforms) = preSolution
		Debug|Any CPU = Debug|Any CPU
		Release|Any CPU = Release|Any CPU
	EndGlobalSection
	GlobalSection(ProjectConfigurationPlatforms) = postSolution
		{0CDA368E-CE43-468A-BECE-940DF7DD6DBF}.Debug|Any CPU.ActiveCfg = Debug|Any CPU
		{0CDA368E-CE43-468A-BECE-940DF7DD6DBF}.Debug|Any CPU.Build.0 = Debug|Any CPU
		{0CDA368E-CE43-468A-BECE-940DF7DD6DBF}.Release|Any CPU.ActiveCfg = Release|Any CPU
		{0CDA368E-CE43-468A-BECE-940DF7DD6DBF}.Release|Any CPU.Build.0 = Release|Any CPU
	EndGlobalSection
	GlobalSection(SolutionProperties) = preSolution
		HideSolutionNode = FALSE
	EndGlobalSection
	GlobalSection(ExtensibilityGlobals) = postSolution
		SolutionGuid = {E81D95FE-0323-430C-BA4B-70D1F6DAA6CA}
	EndGlobalSection
EndGlobal
